
Microsoft Visual Studio Solution File, Format Version 12.00
# Visual Studio Version 16
VisualStudioVersion = 16.0.31229.75
MinimumVisualStudioVersion = 10.0.40219.1
Project("{FAE04EC0-301F-11D3-BF4B-00C04F79EFBC}") = "TicketProvider", "TicketProvider.csproj", "{4BF8D986-35B8-418D-915A-0ABBB061C51C}"
EndProject
Global
	GlobalSection(SolutionConfigurationPlatforms) = preSolution
		Debug|Any CPU = Debug|Any CPU
		Release|Any CPU = Release|Any CPU
	EndGlobalSection
	GlobalSection(ProjectConfigurationPlatforms) = postSolution
		{4BF8D986-35B8-418D-915A-0ABBB061C51C}.Debug|Any CPU.ActiveCfg = Debug|Any CPU
		{4BF8D986-35B8-418D-915A-0ABBB061C51C}.Debug|Any CPU.Build.0 = Debug|Any CPU
		{4BF8D986-35B8-418D-915A-0ABBB061C51C}.Release|Any CPU.ActiveCfg = Release|Any CPU
		{4BF8D986-35B8-418D-915A-0ABBB061C51C}.Release|Any CPU.Build.0 = Release|Any CPU
	EndGlobalSection
	GlobalSection(SolutionProperties) = preSolution
		HideSolutionNode = FALSE
	EndGlobalSection
	GlobalSection(ExtensibilityGlobals) = postSolution
		SolutionGuid = {65063F17-720F-48CC-848B-DA613C226D80}
	EndGlobalSection
EndGlobal
